
Microsoft Visual Studio Solution File, Format Version 11.00
# Visual Studio 2010
Project("{2150E333-8FDC-42A3-9474-1A3956D46DE8}") = "Infrastructure", "Infrastructure", "{198E33A1-36A0-4673-8408-CEBBB7399060}"
EndProject
Project("{FAE04EC0-301F-11D3-BF4B-00C04F79EFBC}") = "Infrastructure.IoC", "Infrastructure.IoC\Infrastructure.IoC.csproj", "{AFCA4A7D-DE03-47F9-9C40-74C4FAD3271C}"
EndProject
Project("{FAE04EC0-301F-11D3-BF4B-00C04F79EFBC}") = "Infrastructure.SQLite", "Infrastructure.SQLite\Infrastructure.SQLite.csproj", "{A757050C-917E-4F00-8910-29D571FE991C}"
EndProject
Project("{2150E333-8FDC-42A3-9474-1A3956D46DE8}") = "Presentation", "Presentation", "{18024E48-2EDB-43AE-B99D-E3A011127206}"
EndProject
Project("{FAE04EC0-301F-11D3-BF4B-00C04F79EFBC}") = "Presentation.iOS", "Presentation.iOS\Presentation.iOS.csproj", "{E51E7835-CBB6-4377-9F26-BFF93B087CB4}"
EndProject
Project("{2150E333-8FDC-42A3-9474-1A3956D46DE8}") = "Solution Items", "Solution Items", "{E174AC91-6F22-4B4F-B32B-682CBBBF90E9}"
	ProjectSection(SolutionItems) = preProject
		README.md = README.md
	EndProjectSection
EndProject
Project("{2150E333-8FDC-42A3-9474-1A3956D46DE8}") = "Core", "Core", "{8ECECEFD-AABD-436F-8CB3-1E2F0B9FC824}"
EndProject
Project("{FAE04EC0-301F-11D3-BF4B-00C04F79EFBC}") = "Core.Domain", "Core.Domain\Core.Domain.csproj", "{0725A68D-A717-4AC0-ADD4-C41844A3D526}"
EndProject
Project("{FAE04EC0-301F-11D3-BF4B-00C04F79EFBC}") = "Core.Application", "Core.Application\Core.Application.csproj", "{95F986CD-8924-4090-A864-F462153E4385}"
EndProject
Global
	GlobalSection(SolutionConfigurationPlatforms) = preSolution
		Debug|Any CPU = Debug|Any CPU
		Release|Any CPU = Release|Any CPU
		Debug|iPhoneSimulator = Debug|iPhoneSimulator
		Release|iPhoneSimulator = Release|iPhoneSimulator
		Debug|iPhone = Debug|iPhone
		Release|iPhone = Release|iPhone
		Ad-Hoc|iPhone = Ad-Hoc|iPhone
		AppStore|iPhone = AppStore|iPhone
	EndGlobalSection
	GlobalSection(ProjectConfigurationPlatforms) = postSolution
		{0725A68D-A717-4AC0-ADD4-C41844A3D526}.Ad-Hoc|iPhone.ActiveCfg = Release|Any CPU
		{0725A68D-A717-4AC0-ADD4-C41844A3D526}.Ad-Hoc|iPhone.Build.0 = Release|Any CPU
		{0725A68D-A717-4AC0-ADD4-C41844A3D526}.AppStore|iPhone.ActiveCfg = Release|Any CPU
		{0725A68D-A717-4AC0-ADD4-C41844A3D526}.AppStore|iPhone.Build.0 = Release|Any CPU
		{0725A68D-A717-4AC0-ADD4-C41844A3D526}.Debug|Any CPU.ActiveCfg = Debug|Any CPU
		{0725A68D-A717-4AC0-ADD4-C41844A3D526}.Debug|Any CPU.Build.0 = Debug|Any CPU
		{0725A68D-A717-4AC0-ADD4-C41844A3D526}.Debug|iPhone.ActiveCfg = Debug|Any CPU
		{0725A68D-A717-4AC0-ADD4-C41844A3D526}.Debug|iPhone.Build.0 = Debug|Any CPU
		{0725A68D-A717-4AC0-ADD4-C41844A3D526}.Debug|iPhoneSimulator.ActiveCfg = Debug|Any CPU
		{0725A68D-A717-4AC0-ADD4-C41844A3D526}.Debug|iPhoneSimulator.Build.0 = Debug|Any CPU
		{0725A68D-A717-4AC0-ADD4-C41844A3D526}.Release|Any CPU.ActiveCfg = Release|Any CPU
		{0725A68D-A717-4AC0-ADD4-C41844A3D526}.Release|Any CPU.Build.0 = Release|Any CPU
		{0725A68D-A717-4AC0-ADD4-C41844A3D526}.Release|iPhone.ActiveCfg = Release|Any CPU
		{0725A68D-A717-4AC0-ADD4-C41844A3D526}.Release|iPhone.Build.0 = Release|Any CPU
		{0725A68D-A717-4AC0-ADD4-C41844A3D526}.Release|iPhoneSimulator.ActiveCfg = Release|Any CPU
		{0725A68D-A717-4AC0-ADD4-C41844A3D526}.Release|iPhoneSimulator.Build.0 = Release|Any CPU
		{95F986CD-8924-4090-A864-F462153E4385}.Ad-Hoc|iPhone.ActiveCfg = Release|Any CPU
		{95F986CD-8924-4090-A864-F462153E4385}.Ad-Hoc|iPhone.Build.0 = Release|Any CPU
		{95F986CD-8924-4090-A864-F462153E4385}.AppStore|iPhone.ActiveCfg = Release|Any CPU
		{95F986CD-8924-4090-A864-F462153E4385}.AppStore|iPhone.Build.0 = Release|Any CPU
		{95F986CD-8924-4090-A864-F462153E4385}.Debug|Any CPU.ActiveCfg = Debug|Any CPU
		{95F986CD-8924-4090-A864-F462153E4385}.Debug|Any CPU.Build.0 = Debug|Any CPU
		{95F986CD-8924-4090-A864-F462153E4385}.Debug|iPhone.ActiveCfg = Debug|Any CPU
		{95F986CD-8924-4090-A864-F462153E4385}.Debug|iPhone.Build.0 = Debug|Any CPU
		{95F986CD-8924-4090-A864-F462153E4385}.Debug|iPhoneSimulator.ActiveCfg = Debug|Any CPU
		{95F986CD-8924-4090-A864-F462153E4385}.Debug|iPhoneSimulator.Build.0 = Debug|Any CPU
		{95F986CD-8924-4090-A864-F462153E4385}.Release|Any CPU.ActiveCfg = Release|Any CPU
		{95F986CD-8924-4090-A864-F462153E4385}.Release|Any CPU.Build.0 = Release|Any CPU
		{95F986CD-8924-4090-A864-F462153E4385}.Release|iPhone.ActiveCfg = Release|Any CPU
		{95F986CD-8924-4090-A864-F462153E4385}.Release|iPhone.Build.0 = Release|Any CPU
		{95F986CD-8924-4090-A864-F462153E4385}.Release|iPhoneSimulator.ActiveCfg = Release|Any CPU
		{95F986CD-8924-4090-A864-F462153E4385}.Release|iPhoneSimulator.Build.0 = Release|Any CPU
		{A757050C-917E-4F00-8910-29D571FE991C}.Ad-Hoc|iPhone.ActiveCfg = Release|Any CPU
		{A757050C-917E-4F00-8910-29D571FE991C}.Ad-Hoc|iPhone.Build.0 = Release|Any CPU
		{A757050C-917E-4F00-8910-29D571FE991C}.AppStore|iPhone.ActiveCfg = Release|Any CPU
		{A757050C-917E-4F00-8910-29D571FE991C}.AppStore|iPhone.Build.0 = Release|Any CPU
		{A757050C-917E-4F00-8910-29D571FE991C}.Debug|Any CPU.ActiveCfg = Debug|Any CPU
		{A757050C-917E-4F00-8910-29D571FE991C}.Debug|Any CPU.Build.0 = Debug|Any CPU
		{A757050C-917E-4F00-8910-29D571FE991C}.Debug|iPhone.ActiveCfg = Debug|Any CPU
		{A757050C-917E-4F00-8910-29D571FE991C}.Debug|iPhone.Build.0 = Debug|Any CPU
		{A757050C-917E-4F00-8910-29D571FE991C}.Debug|iPhoneSimulator.ActiveCfg = Debug|Any CPU
		{A757050C-917E-4F00-8910-29D571FE991C}.Debug|iPhoneSimulator.Build.0 = Debug|Any CPU
		{A757050C-917E-4F00-8910-29D571FE991C}.Release|Any CPU.ActiveCfg = Release|Any CPU
		{A757050C-917E-4F00-8910-29D571FE991C}.Release|Any CPU.Build.0 = Release|Any CPU
		{A757050C-917E-4F00-8910-29D571FE991C}.Release|iPhone.ActiveCfg = Release|Any CPU
		{A757050C-917E-4F00-8910-29D571FE991C}.Release|iPhone.Build.0 = Release|Any CPU
		{A757050C-917E-4F00-8910-29D571FE991C}.Release|iPhoneSimulator.ActiveCfg = Release|Any CPU
		{A757050C-917E-4F00-8910-29D571FE991C}.Release|iPhoneSimulator.Build.0 = Release|Any CPU
		{AFCA4A7D-DE03-47F9-9C40-74C4FAD3271C}.Ad-Hoc|iPhone.ActiveCfg = Release|Any CPU
		{AFCA4A7D-DE03-47F9-9C40-74C4FAD3271C}.Ad-Hoc|iPhone.Build.0 = Release|Any CPU
		{AFCA4A7D-DE03-47F9-9C40-74C4FAD3271C}.AppStore|iPhone.ActiveCfg = Release|Any CPU
		{AFCA4A7D-DE03-47F9-9C40-74C4FAD3271C}.AppStore|iPhone.Build.0 = Release|Any CPU
		{AFCA4A7D-DE03-47F9-9C40-74C4FAD3271C}.Debug|Any CPU.ActiveCfg = Debug|Any CPU
		{AFCA4A7D-DE03-47F9-9C40-74C4FAD3271C}.Debug|Any CPU.Build.0 = Debug|Any CPU
		{AFCA4A7D-DE03-47F9-9C40-74C4FAD3271C}.Debug|iPhone.ActiveCfg = Debug|Any CPU
		{AFCA4A7D-DE03-47F9-9C40-74C4FAD3271C}.Debug|iPhone.Build.0 = Debug|Any CPU
		{AFCA4A7D-DE03-47F9-9C40-74C4FAD3271C}.Debug|iPhoneSimulator.ActiveCfg = Debug|Any CPU
		{AFCA4A7D-DE03-47F9-9C40-74C4FAD3271C}.Debug|iPhoneSimulator.Build.0 = Debug|Any CPU
		{AFCA4A7D-DE03-47F9-9C40-74C4FAD3271C}.Release|Any CPU.ActiveCfg = Release|Any CPU
		{AFCA4A7D-DE03-47F9-9C40-74C4FAD3271C}.Release|Any CPU.Build.0 = Release|Any CPU
		{AFCA4A7D-DE03-47F9-9C40-74C4FAD3271C}.Release|iPhone.ActiveCfg = Release|Any CPU
		{AFCA4A7D-DE03-47F9-9C40-74C4FAD3271C}.Release|iPhone.Build.0 = Release|Any CPU
		{AFCA4A7D-DE03-47F9-9C40-74C4FAD3271C}.Release|iPhoneSimulator.ActiveCfg = Release|Any CPU
		{AFCA4A7D-DE03-47F9-9C40-74C4FAD3271C}.Release|iPhoneSimulator.Build.0 = Release|Any CPU
		{E51E7835-CBB6-4377-9F26-BFF93B087CB4}.Ad-Hoc|iPhone.ActiveCfg = Ad-Hoc|iPhone
		{E51E7835-CBB6-4377-9F26-BFF93B087CB4}.Ad-Hoc|iPhone.Build.0 = Ad-Hoc|iPhone
		{E51E7835-CBB6-4377-9F26-BFF93B087CB4}.AppStore|iPhone.ActiveCfg = AppStore|iPhone
		{E51E7835-CBB6-4377-9F26-BFF93B087CB4}.AppStore|iPhone.Build.0 = AppStore|iPhone
		{E51E7835-CBB6-4377-9F26-BFF93B087CB4}.Debug|Any CPU.ActiveCfg = Debug|iPhoneSimulator
		{E51E7835-CBB6-4377-9F26-BFF93B087CB4}.Debug|Any CPU.Build.0 = Debug|iPhoneSimulator
		{E51E7835-CBB6-4377-9F26-BFF93B087CB4}.Debug|iPhone.ActiveCfg = Debug|iPhone
		{E51E7835-CBB6-4377-9F26-BFF93B087CB4}.Debug|iPhone.Build.0 = Debug|iPhone
		{E51E7835-CBB6-4377-9F26-BFF93B087CB4}.Debug|iPhoneSimulator.ActiveCfg = Debug|iPhoneSimulator
		{E51E7835-CBB6-4377-9F26-BFF93B087CB4}.Debug|iPhoneSimulator.Build.0 = Debug|iPhoneSimulator
		{E51E7835-CBB6-4377-9F26-BFF93B087CB4}.Release|Any CPU.ActiveCfg = Release|iPhoneSimulator
		{E51E7835-CBB6-4377-9F26-BFF93B087CB4}.Release|Any CPU.Build.0 = Release|iPhoneSimulator
		{E51E7835-CBB6-4377-9F26-BFF93B087CB4}.Release|iPhone.ActiveCfg = Release|iPhone
		{E51E7835-CBB6-4377-9F26-BFF93B087CB4}.Release|iPhone.Build.0 = Release|iPhone
		{E51E7835-CBB6-4377-9F26-BFF93B087CB4}.Release|iPhoneSimulator.ActiveCfg = Release|iPhoneSimulator
		{E51E7835-CBB6-4377-9F26-BFF93B087CB4}.Release|iPhoneSimulator.Build.0 = Release|iPhoneSimulator
	EndGlobalSection
	GlobalSection(NestedProjects) = preSolution
		{AFCA4A7D-DE03-47F9-9C40-74C4FAD3271C} = {198E33A1-36A0-4673-8408-CEBBB7399060}
		{A757050C-917E-4F00-8910-29D571FE991C} = {198E33A1-36A0-4673-8408-CEBBB7399060}
		{E51E7835-CBB6-4377-9F26-BFF93B087CB4} = {18024E48-2EDB-43AE-B99D-E3A011127206}
		{0725A68D-A717-4AC0-ADD4-C41844A3D526} = {8ECECEFD-AABD-436F-8CB3-1E2F0B9FC824}
		{95F986CD-8924-4090-A864-F462153E4385} = {8ECECEFD-AABD-436F-8CB3-1E2F0B9FC824}
	EndGlobalSection
	GlobalSection(MonoDevelopProperties) = preSolution
		StartupItems = $0
		$0.Item = Presentation.iOS\Presentation.iOS.csproj
		Policies = $1
		$1.DotNetNamingPolicy = $2
		$2.DirectoryNamespaceAssociation = PrefixedHierarchical
		$2.ResourceNamePolicy = FileFormatDefault
		$1.StandardHeader = $3
		$3.Text = 
		$3.IncludeInNewFiles = True
		$1.NameConventionPolicy = $4
		$4.Rules = $5
		$5.NamingRule = $6
		$6.Name = Namespaces
		$6.AffectedEntity = Namespace
		$6.VisibilityMask = VisibilityMask
		$6.NamingStyle = PascalCase
		$6.IncludeInstanceMembers = True
		$6.IncludeStaticEntities = True
		$5.NamingRule = $7
		$7.Name = Types
		$7.AffectedEntity = Class, Struct, Enum, Delegate
		$7.VisibilityMask = Public
		$7.NamingStyle = PascalCase
		$7.IncludeInstanceMembers = True
		$7.IncludeStaticEntities = True
		$5.NamingRule = $8
		$8.Name = Interfaces
		$8.RequiredPrefixes = $9
		$9.String = I
		$8.AffectedEntity = Interface
		$8.VisibilityMask = Public
		$8.NamingStyle = PascalCase
		$8.IncludeInstanceMembers = True
		$8.IncludeStaticEntities = True
		$5.NamingRule = $10
		$10.Name = Attributes
		$10.RequiredSuffixes = $11
		$11.String = Attribute
		$10.AffectedEntity = CustomAttributes
		$10.VisibilityMask = Public
		$10.NamingStyle = PascalCase
		$10.IncludeInstanceMembers = True
		$10.IncludeStaticEntities = True
		$5.NamingRule = $12
		$12.Name = Event Arguments
		$12.RequiredSuffixes = $13
		$13.String = EventArgs
		$12.AffectedEntity = CustomEventArgs
		$12.VisibilityMask = Public
		$12.NamingStyle = PascalCase
		$12.IncludeInstanceMembers = True
		$12.IncludeStaticEntities = True
		$5.NamingRule = $14
		$14.Name = Exceptions
		$14.RequiredSuffixes = $15
		$15.String = Exception
		$14.AffectedEntity = CustomExceptions
		$14.VisibilityMask = VisibilityMask
		$14.NamingStyle = PascalCase
		$14.IncludeInstanceMembers = True
		$14.IncludeStaticEntities = True
		$5.NamingRule = $16
		$16.Name = Methods
		$16.AffectedEntity = Methods
		$16.VisibilityMask = Protected, Public
		$16.NamingStyle = PascalCase
		$16.IncludeInstanceMembers = True
		$16.IncludeStaticEntities = True
		$5.NamingRule = $17
		$17.Name = Static Readonly Fields
		$17.AffectedEntity = ReadonlyField
		$17.VisibilityMask = Protected, Public
		$17.NamingStyle = PascalCase
		$17.IncludeInstanceMembers = False
		$17.IncludeStaticEntities = True
		$5.NamingRule = $18
		$18.Name = Fields
		$18.AffectedEntity = Field
		$18.VisibilityMask = Protected, Public
		$18.NamingStyle = PascalCase
		$18.IncludeInstanceMembers = True
		$18.IncludeStaticEntities = True
		$5.NamingRule = $19
		$19.Name = ReadOnly Fields
		$19.AffectedEntity = ReadonlyField
		$19.VisibilityMask = Protected, Public
		$19.NamingStyle = PascalCase
		$19.IncludeInstanceMembers = True
		$19.IncludeStaticEntities = False
		$5.NamingRule = $20
		$20.Name = Constant Fields
		$20.AffectedEntity = ConstantField
		$20.VisibilityMask = Protected, Public
		$20.NamingStyle = PascalCase
		$20.IncludeInstanceMembers = True
		$20.IncludeStaticEntities = True
		$5.NamingRule = $21
		$21.Name = Properties
		$21.AffectedEntity = Property
		$21.VisibilityMask = Protected, Public
		$21.NamingStyle = PascalCase
		$21.IncludeInstanceMembers = True
		$21.IncludeStaticEntities = True
		$5.NamingRule = $22
		$22.Name = Events
		$22.AffectedEntity = Event
		$22.VisibilityMask = Protected, Public
		$22.NamingStyle = PascalCase
		$22.IncludeInstanceMembers = True
		$22.IncludeStaticEntities = True
		$5.NamingRule = $23
		$23.Name = Enum Members
		$23.AffectedEntity = EnumMember
		$23.VisibilityMask = VisibilityMask
		$23.NamingStyle = PascalCase
		$23.IncludeInstanceMembers = True
		$23.IncludeStaticEntities = True
		$5.NamingRule = $24
		$24.Name = Parameters
		$24.AffectedEntity = Parameter
		$24.VisibilityMask = VisibilityMask
		$24.NamingStyle = CamelCase
		$24.IncludeInstanceMembers = True
		$24.IncludeStaticEntities = True
		$5.NamingRule = $25
		$25.Name = Type Parameters
		$25.RequiredPrefixes = $26
		$26.String = T
		$25.AffectedEntity = TypeParameter
		$25.VisibilityMask = VisibilityMask
		$25.NamingStyle = PascalCase
		$25.IncludeInstanceMembers = True
		$25.IncludeStaticEntities = True
		$1.VersionControlPolicy = $27
		$27.inheritsSet = Mono
		$1.ChangeLogPolicy = $28
		$28.UpdateMode = None
		$28.MessageStyle = $29
		$29.LineAlign = 0
		$28.inheritsSet = Mono
	EndGlobalSection
EndGlobal
